
Microsoft Visual Studio Solution File, Format Version 12.00
# Visual Studio Version 16
VisualStudioVersion = 16.0.29926.136
MinimumVisualStudioVersion = 10.0.40219.1
Project("{9A19103F-16F7-4668-BE54-9A1E7A4F7556}") = "KitchenApp", "KitchenApp\KitchenApp.csproj", "{E3CB04EA-B4FB-455E-BC22-099BEB944D39}"
EndProject
Project("{9A19103F-16F7-4668-BE54-9A1E7A4F7556}") = "AuthServer", "AuthServer\AuthServer.csproj", "{BC9E0C3A-788F-42EE-B17F-210D5B4DA21A}"
EndProject
Project("{9A19103F-16F7-4668-BE54-9A1E7A4F7556}") = "KitchenLib", "KitchenLib\KitchenLib.csproj", "{FBEECC57-BFC5-4A32-AFC8-199EE8ADDE49}"
EndProject
Project("{9A19103F-16F7-4668-BE54-9A1E7A4F7556}") = "UserService", "UserService\UserService.csproj", "{E93222FF-5348-493A-A1A1-8CC02F4E5AA9}"
EndProject
Project("{FAE04EC0-301F-11D3-BF4B-00C04F79EFBC}") = "WishlistService", "WishlistService\WishlistService.csproj", "{BEA37E67-B17F-4F79-9D77-5D0C71515980}"
EndProject
Project("{FAE04EC0-301F-11D3-BF4B-00C04F79EFBC}") = "InventoryService", "InventoryService\InventoryService.csproj", "{D63D366C-1709-4AD9-833A-6BF02AACF951}"
EndProject
Project("{FAE04EC0-301F-11D3-BF4B-00C04F79EFBC}") = "ShoppinglistService", "ShoppinglistService\ShoppinglistService.csproj", "{3B385F84-5834-4A75-8A54-AB73EC7EEA69}"
EndProject
Global
	GlobalSection(SolutionConfigurationPlatforms) = preSolution
		Debug|Any CPU = Debug|Any CPU
		Release|Any CPU = Release|Any CPU
	EndGlobalSection
	GlobalSection(ProjectConfigurationPlatforms) = postSolution
		{E3CB04EA-B4FB-455E-BC22-099BEB944D39}.Debug|Any CPU.ActiveCfg = Debug|Any CPU
		{E3CB04EA-B4FB-455E-BC22-099BEB944D39}.Debug|Any CPU.Build.0 = Debug|Any CPU
		{E3CB04EA-B4FB-455E-BC22-099BEB944D39}.Release|Any CPU.ActiveCfg = Release|Any CPU
		{E3CB04EA-B4FB-455E-BC22-099BEB944D39}.Release|Any CPU.Build.0 = Release|Any CPU
		{BC9E0C3A-788F-42EE-B17F-210D5B4DA21A}.Debug|Any CPU.ActiveCfg = Debug|Any CPU
		{BC9E0C3A-788F-42EE-B17F-210D5B4DA21A}.Debug|Any CPU.Build.0 = Debug|Any CPU
		{BC9E0C3A-788F-42EE-B17F-210D5B4DA21A}.Release|Any CPU.ActiveCfg = Release|Any CPU
		{BC9E0C3A-788F-42EE-B17F-210D5B4DA21A}.Release|Any CPU.Build.0 = Release|Any CPU
		{FBEECC57-BFC5-4A32-AFC8-199EE8ADDE49}.Debug|Any CPU.ActiveCfg = Debug|Any CPU
		{FBEECC57-BFC5-4A32-AFC8-199EE8ADDE49}.Debug|Any CPU.Build.0 = Debug|Any CPU
		{FBEECC57-BFC5-4A32-AFC8-199EE8ADDE49}.Release|Any CPU.ActiveCfg = Release|Any CPU
		{FBEECC57-BFC5-4A32-AFC8-199EE8ADDE49}.Release|Any CPU.Build.0 = Release|Any CPU
		{E93222FF-5348-493A-A1A1-8CC02F4E5AA9}.Debug|Any CPU.ActiveCfg = Debug|Any CPU
		{E93222FF-5348-493A-A1A1-8CC02F4E5AA9}.Debug|Any CPU.Build.0 = Debug|Any CPU
		{E93222FF-5348-493A-A1A1-8CC02F4E5AA9}.Release|Any CPU.ActiveCfg = Release|Any CPU
		{E93222FF-5348-493A-A1A1-8CC02F4E5AA9}.Release|Any CPU.Build.0 = Release|Any CPU
		{D63D366C-1709-4AD9-833A-6BF02AACF951}.Debug|Any CPU.ActiveCfg = Debug|Any CPU
		{D63D366C-1709-4AD9-833A-6BF02AACF951}.Debug|Any CPU.Build.0 = Debug|Any CPU
		{D63D366C-1709-4AD9-833A-6BF02AACF951}.Release|Any CPU.ActiveCfg = Release|Any CPU
		{D63D366C-1709-4AD9-833A-6BF02AACF951}.Release|Any CPU.Build.0 = Release|Any CPU
		{BEA37E67-B17F-4F79-9D77-5D0C71515980}.Debug|Any CPU.ActiveCfg = Debug|Any CPU
		{BEA37E67-B17F-4F79-9D77-5D0C71515980}.Debug|Any CPU.Build.0 = Debug|Any CPU
		{BEA37E67-B17F-4F79-9D77-5D0C71515980}.Release|Any CPU.ActiveCfg = Release|Any CPU
		{BEA37E67-B17F-4F79-9D77-5D0C71515980}.Release|Any CPU.Build.0 = Release|Any CPU
		{3B385F84-5834-4A75-8A54-AB73EC7EEA69}.Debug|Any CPU.ActiveCfg = Debug|Any CPU
		{3B385F84-5834-4A75-8A54-AB73EC7EEA69}.Debug|Any CPU.Build.0 = Debug|Any CPU
		{3B385F84-5834-4A75-8A54-AB73EC7EEA69}.Release|Any CPU.ActiveCfg = Release|Any CPU
		{3B385F84-5834-4A75-8A54-AB73EC7EEA69}.Release|Any CPU.Build.0 = Release|Any CPU
	EndGlobalSection
EndGlobal
